
Microsoft Visual Studio Solution File, Format Version 12.00
# Visual Studio Version 17
VisualStudioVersion = 17.4.33213.308
MinimumVisualStudioVersion = 10.0.40219.1
Project("{9A19103F-16F7-4668-BE54-9A1E7A4F7556}") = "BulkyBookWeb", "BulkyBookWeb\BulkyBookWeb.csproj", "{FAD7427D-4125-4FC8-9000-A2ABF600A6BE}"
EndProject
Project("{FAE04EC0-301F-11D3-BF4B-00C04F79EFBC}") = "BulkyBook.Models", "BulkyBook.Models\BulkyBook.Models.csproj", "{F8612473-12C9-4DE3-99B0-6E270D6C76B3}"
EndProject
Project("{FAE04EC0-301F-11D3-BF4B-00C04F79EFBC}") = "BulkyBook.DataAccess", "BulkyBook.DataAccess\BulkyBook.DataAccess.csproj", "{97A159E7-8B3D-4B2B-9231-DC4910F6908A}"
EndProject
Project("{FAE04EC0-301F-11D3-BF4B-00C04F79EFBC}") = "BulkyBook.Utility", "BulkyBook.Utility\BulkyBook.Utility.csproj", "{58D27BFC-49CD-41C3-AB48-02CEC2FE5FD1}"
EndProject
Global
	GlobalSection(SolutionConfigurationPlatforms) = preSolution
		Debug|Any CPU = Debug|Any CPU
		Release|Any CPU = Release|Any CPU
	EndGlobalSection
	GlobalSection(ProjectConfigurationPlatforms) = postSolution
		{FAD7427D-4125-4FC8-9000-A2ABF600A6BE}.Debug|Any CPU.ActiveCfg = Debug|Any CPU
		{FAD7427D-4125-4FC8-9000-A2ABF600A6BE}.Debug|Any CPU.Build.0 = Debug|Any CPU
		{FAD7427D-4125-4FC8-9000-A2ABF600A6BE}.Release|Any CPU.ActiveCfg = Release|Any CPU
		{FAD7427D-4125-4FC8-9000-A2ABF600A6BE}.Release|Any CPU.Build.0 = Release|Any CPU
		{F8612473-12C9-4DE3-99B0-6E270D6C76B3}.Debug|Any CPU.ActiveCfg = Debug|Any CPU
		{F8612473-12C9-4DE3-99B0-6E270D6C76B3}.Debug|Any CPU.Build.0 = Debug|Any CPU
		{F8612473-12C9-4DE3-99B0-6E270D6C76B3}.Release|Any CPU.ActiveCfg = Release|Any CPU
		{F8612473-12C9-4DE3-99B0-6E270D6C76B3}.Release|Any CPU.Build.0 = Release|Any CPU
		{97A159E7-8B3D-4B2B-9231-DC4910F6908A}.Debug|Any CPU.ActiveCfg = Debug|Any CPU
		{97A159E7-8B3D-4B2B-9231-DC4910F6908A}.Debug|Any CPU.Build.0 = Debug|Any CPU
		{97A159E7-8B3D-4B2B-9231-DC4910F6908A}.Release|Any CPU.ActiveCfg = Release|Any CPU
		{97A159E7-8B3D-4B2B-9231-DC4910F6908A}.Release|Any CPU.Build.0 = Release|Any CPU
		{58D27BFC-49CD-41C3-AB48-02CEC2FE5FD1}.Debug|Any CPU.ActiveCfg = Debug|Any CPU
		{58D27BFC-49CD-41C3-AB48-02CEC2FE5FD1}.Debug|Any CPU.Build.0 = Debug|Any CPU
		{58D27BFC-49CD-41C3-AB48-02CEC2FE5FD1}.Release|Any CPU.ActiveCfg = Release|Any CPU
		{58D27BFC-49CD-41C3-AB48-02CEC2FE5FD1}.Release|Any CPU.Build.0 = Release|Any CPU
	EndGlobalSection
	GlobalSection(SolutionProperties) = preSolution
		HideSolutionNode = FALSE
	EndGlobalSection
	GlobalSection(ExtensibilityGlobals) = postSolution
		SolutionGuid = {2230394F-83D3-4E14-90DA-DCEC0A283AF2}
	EndGlobalSection
EndGlobal
